# This file is autogenerated, do not edit; changes may be undone by the next 'dep ensure'.


[[projects]]
  branch = "default"
  name = "bitbucket.org/weberc2/fastcsv"
  packages = ["."]
  revision = "a6293b38cbf64e32a9ca25a51fc67b30fffa3137"

[[projects]]
  branch = "master"
  name = "github.com/gonum/blas"
  packages = [
    ".",
    "blas64",
    "native",
    "native/internal/math32"
  ]
  revision = "37e82626499e1df7c54aeaba0959fd6e7e8dc1e4"

[[projects]]
  branch = "master"
  name = "github.com/gonum/floats"
  packages = ["."]
  revision = "f74b330d45c56584a6ea7a27f5c64ea2900631e9"

[[projects]]
  branch = "master"
  name = "github.com/gonum/internal"
  packages = [
    "asm/f32",
    "asm/f64"
  ]
  revision = "e57e4534cf9b3b00ef6c0175f59d8d2d34f60914"

[[projects]]
  branch = "master"
  name = "github.com/gonum/lapack"
  packages = [
    ".",
    "lapack64",
    "native"
  ]
  revision = "5ed4b826becd1807e09377508f51756586d1a98c"

[[projects]]
  branch = "master"
  name = "github.com/gonum/matrix"
  packages = [
    ".",
    "mat64"
  ]
  revision = "dd6034299e4242c9f0ea36735e6d4264dfcb3f9f"

[[projects]]
  branch = "master"
  name = "github.com/gonum/stat"
  packages = ["."]
  revision = "40602ac931a7ab7f72cb1eff5ce1753a2d28d345"

[[projects]]
  name = "github.com/kniren/gota"
  packages = [
    "dataframe",
    "series"
  ]
  revision = "c20a9efa36b51ba75803797d81df96b07e1b7d59"
  version = "v0.9.0"

[[projects]]
  branch = "master"
  name = "github.com/mailru/easyjson"
  packages = [
    ".",
    "buffer",
    "jlexer",
    "jwriter"
  ]
  revision = "32fa128f234d041f196a9f3e0fea5ac9772c08e1"

[[projects]]
  branch = "master"
  name = "github.com/tobgu/genny"
  packages = ["generic"]
  revision = "e8e29e67948b15c64e60d6617182c18cf7eead7f"

[solve-meta]
  analyzer-name = "dep"
  analyzer-version = 1
  inputs-digest = "369038b777ccf9d38e300a64ba400eb1cd0986d832b686082f024e97d7454060"
  solver-name = "gps-cdcl"
  solver-version = 1
